
Microsoft Visual Studio Solution File, Format Version 12.00
# Visual Studio 15
VisualStudioVersion = 15.0.27428.2011
MinimumVisualStudioVersion = 10.0.40219.1
Project("{FAE04EC0-301F-11D3-BF4B-00C04F79EFBC}") = "DistributorServer", "DistributorServer\DistributorServer.csproj", "{18E17FE4-88DF-4110-A4B2-7EB05A84045A}"
EndProject
Project("{2150E333-8FDC-42A3-9474-1A3956D46DE8}") = "Solution Items", "Solution Items", "{2D274649-E585-405B-A1C4-188205DD28B3}"
	ProjectSection(SolutionItems) = preProject
		.gitignore = .gitignore
	EndProjectSection
EndProject
Project("{FAE04EC0-301F-11D3-BF4B-00C04F79EFBC}") = "DistributorClient", "DistributorClient\DistributorClient.csproj", "{827E5A97-7766-422F-9C95-08D46C8CF263}"
EndProject
Global
	GlobalSection(SolutionConfigurationPlatforms) = preSolution
		Debug|Any CPU = Debug|Any CPU
		Release|Any CPU = Release|Any CPU
	EndGlobalSection
	GlobalSection(ProjectConfigurationPlatforms) = postSolution
		{18E17FE4-88DF-4110-A4B2-7EB05A84045A}.Debug|Any CPU.ActiveCfg = Debug|Any CPU
		{18E17FE4-88DF-4110-A4B2-7EB05A84045A}.Debug|Any CPU.Build.0 = Debug|Any CPU
		{18E17FE4-88DF-4110-A4B2-7EB05A84045A}.Release|Any CPU.ActiveCfg = Release|Any CPU
		{18E17FE4-88DF-4110-A4B2-7EB05A84045A}.Release|Any CPU.Build.0 = Release|Any CPU
		{827E5A97-7766-422F-9C95-08D46C8CF263}.Debug|Any CPU.ActiveCfg = Debug|Any CPU
		{827E5A97-7766-422F-9C95-08D46C8CF263}.Debug|Any CPU.Build.0 = Debug|Any CPU
		{827E5A97-7766-422F-9C95-08D46C8CF263}.Release|Any CPU.ActiveCfg = Release|Any CPU
		{827E5A97-7766-422F-9C95-08D46C8CF263}.Release|Any CPU.Build.0 = Release|Any CPU
	EndGlobalSection
	GlobalSection(SolutionProperties) = preSolution
		HideSolutionNode = FALSE
	EndGlobalSection
	GlobalSection(ExtensibilityGlobals) = postSolution
		SolutionGuid = {3335CE4B-9DF6-48FD-8CC4-885CB13CFC20}
	EndGlobalSection
EndGlobal
